PODS:
  - Alamofire (5.0.0-beta.1)
  - SVProgressHUD (2.2.5)
  - SwiftyJSON (4.2.0)

DEPENDENCIES:
  - Alamofire (from `https://github.com/Alamofire/Alamofire.git`)
  - SVProgressHUD
  - SwiftyJSON

SPEC REPOS:
  https://github.com/cocoapods/specs.git:
    - SVProgressHUD
    - SwiftyJSON

EXTERNAL SOURCES:
  Alamofire:
    :git: https://github.com/Alamofire/Alamofire.git

CHECKOUT OPTIONS:
  Alamofire:
    :commit: 4a0aca494ab8928e739dd20f8d7af529d180e34e
    :git: https://github.com/Alamofire/Alamofire.git

SPEC CHECKSUMS:
  Alamofire: 1f579e6c6eb2a19e803c4840d5bbe6dea5b9304a
  SVProgressHUD: 1428aafac632c1f86f62aa4243ec12008d7a51d6
  SwiftyJSON: c4bcba26dd9ec7a027fc8eade48e2c911f229e96

PODFILE CHECKSUM: 5db55df2db6d6a419faa552925104f4afe2f49fb

COCOAPODS: 1.5.3
